
Microsoft Visual Studio Solution File, Format Version 12.00
# Visual Studio 14
VisualStudioVersion = 14.0.24720.0
MinimumVisualStudioVersion = 10.0.40219.1
Project("{FAE04EC0-301F-11D3-BF4B-00C04F79EFBC}") = "NepaliDateConverter", "NepaliDateConverter\NepaliDateConverter.csproj", "{EBDDEB4A-B2B6-4472-B7B9-5412787E351D}"
EndProject
Project("{FAE04EC0-301F-11D3-BF4B-00C04F79EFBC}") = "NepaliDateConverterTests", "NepaliDateConverterTests\NepaliDateConverterTests.csproj", "{5DAE746F-7F49-4A8F-8393-4153D2201557}"
EndProject
Global
	GlobalSection(SolutionConfigurationPlatforms) = preSolution
		Debug|Any CPU = Debug|Any CPU
		Release|Any CPU = Release|Any CPU
	EndGlobalSection
	GlobalSection(ProjectConfigurationPlatforms) = postSolution
		{EBDDEB4A-B2B6-4472-B7B9-5412787E351D}.Debug|Any CPU.ActiveCfg = Debug|Any CPU
		{EBDDEB4A-B2B6-4472-B7B9-5412787E351D}.Debug|Any CPU.Build.0 = Debug|Any CPU
		{EBDDEB4A-B2B6-4472-B7B9-5412787E351D}.Release|Any CPU.ActiveCfg = Release|Any CPU
		{EBDDEB4A-B2B6-4472-B7B9-5412787E351D}.Release|Any CPU.Build.0 = Release|Any CPU
		{5DAE746F-7F49-4A8F-8393-4153D2201557}.Debug|Any CPU.ActiveCfg = Debug|Any CPU
		{5DAE746F-7F49-4A8F-8393-4153D2201557}.Debug|Any CPU.Build.0 = Debug|Any CPU
		{5DAE746F-7F49-4A8F-8393-4153D2201557}.Release|Any CPU.ActiveCfg = Release|Any CPU
		{5DAE746F-7F49-4A8F-8393-4153D2201557}.Release|Any CPU.Build.0 = Release|Any CPU
	EndGlobalSection
	GlobalSection(SolutionProperties) = preSolution
		HideSolutionNode = FALSE
	EndGlobalSection
EndGlobal
